<Solution>
  <Project Path="src/ThroneForge.Contracts/ThroneForge.Contracts.csproj" />
  <Project Path="src/ThroneForge.Schemas/ThroneForge.Schemas.csproj" />
  <Project Path="src/ThroneForge.API/ThroneForge.API.csproj" />
  <Project Path="src/ThroneForge.Packaging/ThroneForge.Packaging.csproj" />
  <Project Path="src/ThroneForge.Diagnostics/ThroneForge.Diagnostics.csproj" />
  <Project Path="src/ThroneForge.Content/ThroneForge.Content.csproj" />
  <Project Path="src/ThroneForge.Logic/ThroneForge.Logic.csproj" />
  <Project Path="src/ThroneForge.Runtime/ThroneForge.Runtime.csproj" />
  <Project Path="src/ThroneForge.GameAdapter.Abstractions/ThroneForge.GameAdapter.Abstractions.csproj" />
  <Project Path="src/ThroneForge.GameAdapter.Thronefall/ThroneForge.GameAdapter.Thronefall.csproj" />
  <Project Path="src/ThroneForge.Bootstrap.Thronefall/ThroneForge.Bootstrap.Thronefall.csproj" />
  <Project Path="src/ThroneForge.Cli/ThroneForge.Cli.csproj" />
  <Project Path="src/ThroneForge.Studio/ThroneForge.Studio.csproj" />
  <Project Path="src/ThroneForge.InGameUI/ThroneForge.InGameUI.csproj" />
  <Project Path="src/ThroneForge.TestKit/ThroneForge.TestKit.csproj" />
  <Project Path="src/ThroneForge.Discovery/ThroneForge.Discovery.csproj" />
  <Project Path="src/ThroneForge.LoaderSmokeTest/ThroneForge.LoaderSmokeTest.csproj" />
  <Project Path="src/ThroneForge.PluginLoadTest/ThroneForge.PluginLoadTest.csproj" />
  <Project Path="tests/ThroneForge.ArchitectureTests/ThroneForge.ArchitectureTests.csproj" />
  <Project Path="tests/ThroneForge.Contracts.Tests/ThroneForge.Contracts.Tests.csproj" />
  <Project Path="tests/ThroneForge.Schemas.Tests/ThroneForge.Schemas.Tests.csproj" />
  <Project Path="tests/ThroneForge.Packaging.Tests/ThroneForge.Packaging.Tests.csproj" />
  <Project Path="tests/ThroneForge.Runtime.Tests/ThroneForge.Runtime.Tests.csproj" />
  <Project Path="tests/ThroneForge.Logic.Tests/ThroneForge.Logic.Tests.csproj" />
  <Project Path="tests/ThroneForge.GameAdapter.Tests/ThroneForge.GameAdapter.Tests.csproj" />
  <Project Path="tests/ThroneForge.Cli.Tests/ThroneForge.Cli.Tests.csproj" />
  <Project Path="tests/ThroneForge.Studio.Tests/ThroneForge.Studio.Tests.csproj" />
  <Project Path="tests/ThroneForge.Discovery.Tests/ThroneForge.Discovery.Tests.csproj" />
  <Project Path="tests/ThroneForge.LoaderSmokeTest.Tests/ThroneForge.LoaderSmokeTest.Tests.csproj" />
  <Project Path="tests/ThroneForge.PluginLoadFixture/ThroneForge.PluginLoadFixture.csproj" />
  <Project Path="tests/ThroneForge.PluginLoadDuplicateFixture/ThroneForge.PluginLoadDuplicateFixture.csproj" />
  <Project Path="tests/ThroneForge.PluginLoadTest.Tests/ThroneForge.PluginLoadTest.Tests.csproj" />
</Solution>
